
Microsoft Visual Studio Solution File, Format Version 12.00
# Visual Studio Version 17
VisualStudioVersion = 17.6.33717.318
MinimumVisualStudioVersion = 10.0.40219.1
Project("{FAE04EC0-301F-11D3-BF4B-00C04F79EFBC}") = "EKLEXIA", "EKLEXIA\EKLEXIA.csproj", "{D05EA764-651C-45E2-9844-9CA3BCC9CA70}"
EndProject
Global
	GlobalSection(SolutionConfigurationPlatforms) = preSolution
		Debug|Any CPU = Debug|Any CPU
		Release|Any CPU = Release|Any CPU
	EndGlobalSection
	GlobalSection(ProjectConfigurationPlatforms) = postSolution
		{D05EA764-651C-45E2-9844-9CA3BCC9CA70}.Debug|Any CPU.ActiveCfg = Debug|Any CPU
		{D05EA764-651C-45E2-9844-9CA3BCC9CA70}.Debug|Any CPU.Build.0 = Debug|Any CPU
		{D05EA764-651C-45E2-9844-9CA3BCC9CA70}.Release|Any CPU.ActiveCfg = Release|Any CPU
		{D05EA764-651C-45E2-9844-9CA3BCC9CA70}.Release|Any CPU.Build.0 = Release|Any CPU
	EndGlobalSection
	GlobalSection(SolutionProperties) = preSolution
		HideSolutionNode = FALSE
	EndGlobalSection
	GlobalSection(ExtensibilityGlobals) = postSolution
		SolutionGuid = {38AABA47-7C7E-4E52-A91E-9AC560594BF3}
	EndGlobalSection
EndGlobal
